
Microsoft Visual Studio Solution File, Format Version 12.00
# Visual Studio Version 17
VisualStudioVersion = 17.14.36811.4 d17.14
MinimumVisualStudioVersion = 10.0.40219.1
Project("{FAE04EC0-301F-11D3-BF4B-00C04F79EFBC}") = "YapYapModTest", "YapYapModTest.csproj", "{232CA5E3-9626-4ECA-890A-806072A9A406}"
EndProject
Global
	GlobalSection(SolutionConfigurationPlatforms) = preSolution
		Debug|Any CPU = Debug|Any CPU
		Release|Any CPU = Release|Any CPU
	EndGlobalSection
	GlobalSection(ProjectConfigurationPlatforms) = postSolution
		{232CA5E3-9626-4ECA-890A-806072A9A406}.Debug|Any CPU.ActiveCfg = Debug|Any CPU
		{232CA5E3-9626-4ECA-890A-806072A9A406}.Debug|Any CPU.Build.0 = Debug|Any CPU
		{232CA5E3-9626-4ECA-890A-806072A9A406}.Release|Any CPU.ActiveCfg = Release|Any CPU
		{232CA5E3-9626-4ECA-890A-806072A9A406}.Release|Any CPU.Build.0 = Release|Any CPU
	EndGlobalSection
	GlobalSection(SolutionProperties) = preSolution
		HideSolutionNode = FALSE
	EndGlobalSection
	GlobalSection(ExtensibilityGlobals) = postSolution
		SolutionGuid = {BDD5F492-C4FC-4D90-AD6F-2A2A3537EB2C}
	EndGlobalSection
EndGlobal
